
Microsoft Visual Studio Solution File, Format Version 12.00
# Visual Studio Version 17
VisualStudioVersion = 17.0.31903.59
MinimumVisualStudioVersion = 10.0.40219.1
Project("{FAE04EC0-301F-11D3-BF4B-00C04F79EFBC}") = "MimuClient", "MimuClient\MimuClient.csproj", "{C53E0A63-2128-49AA-B8A7-236DD6E0E5DE}"
EndProject
Project("{FAE04EC0-301F-11D3-BF4B-00C04F79EFBC}") = "MimuServer", "MimuServer\MimuServer.csproj", "{BA5B05F5-DD08-48F9-885F-17067181BBEC}"
EndProject
Global
	GlobalSection(SolutionConfigurationPlatforms) = preSolution
		Debug|Any CPU = Debug|Any CPU
		Release|Any CPU = Release|Any CPU
	EndGlobalSection
	GlobalSection(SolutionProperties) = preSolution
		HideSolutionNode = FALSE
	EndGlobalSection
	GlobalSection(ProjectConfigurationPlatforms) = postSolution
		{C53E0A63-2128-49AA-B8A7-236DD6E0E5DE}.Debug|Any CPU.ActiveCfg = Debug|Any CPU
		{C53E0A63-2128-49AA-B8A7-236DD6E0E5DE}.Debug|Any CPU.Build.0 = Debug|Any CPU
		{C53E0A63-2128-49AA-B8A7-236DD6E0E5DE}.Release|Any CPU.ActiveCfg = Release|Any CPU
		{C53E0A63-2128-49AA-B8A7-236DD6E0E5DE}.Release|Any CPU.Build.0 = Release|Any CPU
		{BA5B05F5-DD08-48F9-885F-17067181BBEC}.Debug|Any CPU.ActiveCfg = Debug|Any CPU
		{BA5B05F5-DD08-48F9-885F-17067181BBEC}.Debug|Any CPU.Build.0 = Debug|Any CPU
		{BA5B05F5-DD08-48F9-885F-17067181BBEC}.Release|Any CPU.ActiveCfg = Release|Any CPU
		{BA5B05F5-DD08-48F9-885F-17067181BBEC}.Release|Any CPU.Build.0 = Release|Any CPU
	EndGlobalSection
EndGlobal
